// !$*UTF8*$!
{
	archiveVersion = 1;
	classes = {
	};
	objectVersion = 46;
	objects = {

/* Begin PBXBuildFile section */
		04680D7119FB8C86008C071D /* main.m in Sources */ = {isa = PBXBuildFile; fileRef = 04680D7019FB8C86008C071D /* main.m */; };
		04680D7419FB8C86008C071D /* AppDelegate.m in Sources */ = {isa = PBXBuildFile; fileRef = 04680D7319FB8C86008C071D /* AppDelegate.m */; };
		04680D7A19FB8C86008C071D /* Main.storyboard in Resources */ = {isa = PBXBuildFile; fileRef = 04680D7819FB8C86008C071D /* Main.storyboard */; };
		04680D7C19FB8C86008C071D /* Images.xcassets in Resources */ = {isa = PBXBuildFile; fileRef = 04680D7B19FB8C86008C071D /* Images.xcassets */; };
		04680D7F19FB8C86008C071D /* LaunchScreen.xib in Resources */ = {isa = PBXBuildFile; fileRef = 04680D7D19FB8C86008C071D /* LaunchScreen.xib */; };
		04680D8B19FB8C87008C071D /* PopularsTests.m in Sources */ = {isa = PBXBuildFile; fileRef = 04680D8A19FB8C87008C071D /* PopularsTests.m */; };
		04680DA419FB8D41008C071D /* AlbumsCollectionViewCell.m in Sources */ = {isa = PBXBuildFile; fileRef = 04680D9519FB8D41008C071D /* AlbumsCollectionViewCell.m */; };
		04680DA519FB8D41008C071D /* AlbumsCollectionViewController.m in Sources */ = {isa = PBXBuildFile; fileRef = 04680D9719FB8D41008C071D /* AlbumsCollectionViewController.m */; };
		04680DA619FB8D41008C071D /* ArtistsTableViewController.m in Sources */ = {isa = PBXBuildFile; fileRef = 04680D9919FB8D41008C071D /* ArtistsTableViewController.m */; };
		04680DA719FB8D41008C071D /* Model.m in Sources */ = {isa = PBXBuildFile; fileRef = 04680D9B19FB8D41008C071D /* Model.m */; };
		04680DA819FB8D41008C071D /* Server.m in Sources */ = {isa = PBXBuildFile; fileRef = 04680D9D19FB8D41008C071D /* Server.m */; };
		04680DA919FB8D41008C071D /* ArtistsTableViewCell.m in Sources */ = {isa = PBXBuildFile; fileRef = 04680D9E19FB8D41008C071D /* ArtistsTableViewCell.m */; };
		04680DAA19FB8D41008C071D /* Global.m in Sources */ = {isa = PBXBuildFile; fileRef = 04680DA019FB8D41008C071D /* Global.m */; };
		04680DAB19FB8D41008C071D /* Response.m in Sources */ = {isa = PBXBuildFile; fileRef = 04680DA219FB8D41008C071D /* Response.m */; };
		04680DB519FBB506008C071D /* AlbumTableViewCell.m in Sources */ = {isa = PBXBuildFile; fileRef = 04680DB419FBB506008C071D /* AlbumTableViewCell.m */; };
		04680DB819FBB52D008C071D /* AlbumTableViewController.m in Sources */ = {isa = PBXBuildFile; fileRef = 04680DB719FBB52D008C071D /* AlbumTableViewController.m */; };
		04CB0BC619FCEDC600E5C302 /* FlagsPopoverViewController.m in Sources */ = {isa = PBXBuildFile; fileRef = 04CB0BC519FCEDC600E5C302 /* FlagsPopoverViewController.m */; };
/* End PBXBuildFile section */

/* Begin PBXContainerItemProxy section */
		04680D8519FB8C87008C071D /* PBXContainerItemProxy */ = {
			isa = PBXContainerItemProxy;
			containerPortal = 04680D6319FB8C86008C071D /* Project object */;
			proxyType = 1;
			remoteGlobalIDString = 04680D6A19FB8C86008C071D;
			remoteInfo = Populars;
		};
/* End PBXContainerItemProxy section */

/* Begin PBXFileReference section */
		04680D6B19FB8C86008C071D /* Populars.app */ = {isa = PBXFileReference; explicitFileType = wrapper.application; includeInIndex = 0; path = Populars.app; sourceTree = BUILT_PRODUCTS_DIR; };
		04680D6F19FB8C86008C071D /* Info.plist */ = {isa = PBXFileReference; lastKnownFileType = text.plist.xml; path = Info.plist; sourceTree = "<group>"; };
		04680D7019FB8C86008C071D /* main.m */ = {isa = PBXFileReference; lastKnownFileType = sourcecode.c.objc; path = main.m; sourceTree = "<group>"; };
		04680D7219FB8C86008C071D /* AppDelegate.h */ = {isa = PBXFileReference; lastKnownFileType = sourcecode.c.h; path = AppDelegate.h; sourceTree = "<group>"; };
		04680D7319FB8C86008C071D /* AppDelegate.m */ = {isa = PBXFileReference; lastKnownFileType = sourcecode.c.objc; path = AppDelegate.m; sourceTree = "<group>"; };
		04680D7919FB8C86008C071D /* Base */ = {isa = PBXFileReference; lastKnownFileType = file.storyboard; name = Base; path = Base.lproj/Main.storyboard; sourceTree = "<group>"; };
		04680D7B19FB8C86008C071D /* Images.xcassets */ = {isa = PBXFileReference; lastKnownFileType = folder.assetcatalog; path = Images.xcassets; sourceTree = "<group>"; };
		04680D7E19FB8C86008C071D /* Base */ = {isa = PBXFileReference; lastKnownFileType = file.xib; name = Base; path = Base.lproj/LaunchScreen.xib; sourceTree = "<group>"; };
		04680D8419FB8C87008C071D /* PopularsTests.xctest */ = {isa = PBXFileReference; explicitFileType = wrapper.cfbundle; includeInIndex = 0; path = PopularsTests.xctest; sourceTree = BUILT_PRODUCTS_DIR; };
		04680D8919FB8C87008C071D /* Info.plist */ = {isa = PBXFileReference; lastKnownFileType = text.plist.xml; path = Info.plist; sourceTree = "<group>"; };
		04680D8A19FB8C87008C071D /* PopularsTests.m */ = {isa = PBXFileReference; lastKnownFileType = sourcecode.c.objc; path = PopularsTests.m; sourceTree = "<group>"; };
		04680D9419FB8D41008C071D /* AlbumsCollectionViewCell.h */ = {isa = PBXFileReference; fileEncoding = 4; lastKnownFileType = sourcecode.c.h; path = AlbumsCollectionViewCell.h; sourceTree = "<group>"; };
		04680D9519FB8D41008C071D /* AlbumsCollectionViewCell.m */ = {isa = PBXFileReference; fileEncoding = 4; lastKnownFileType = sourcecode.c.objc; path = AlbumsCollectionViewCell.m; sourceTree = "<group>"; };
		04680D9619FB8D41008C071D /* AlbumsCollectionViewController.h */ = {isa = PBXFileReference; fileEncoding = 4; lastKnownFileType = sourcecode.c.h; path = AlbumsCollectionViewController.h; sourceTree = "<group>"; };
		04680D9719FB8D41008C071D /* AlbumsCollectionViewController.m */ = {isa = PBXFileReference; fileEncoding = 4; lastKnownFileType = sourcecode.c.objc; path = AlbumsCollectionViewController.m; sourceTree = "<group>"; };
		04680D9819FB8D41008C071D /* ArtistsTableViewController.h */ = {isa = PBXFileReference; fileEncoding = 4; lastKnownFileType = sourcecode.c.h; path = ArtistsTableViewController.h; sourceTree = "<group>"; };
		04680D9919FB8D41008C071D /* ArtistsTableViewController.m */ = {isa = PBXFileReference; fileEncoding = 4; lastKnownFileType = sourcecode.c.objc; path = ArtistsTableViewController.m; sourceTree = "<group>"; };
		04680D9A19FB8D41008C071D /* Model.h */ = {isa = PBXFileReference; fileEncoding = 4; lastKnownFileType = sourcecode.c.h; path = Model.h; sourceTree = "<group>"; };
		04680D9B19FB8D41008C071D /* Model.m */ = {isa = PBXFileReference; fileEncoding = 4; lastKnownFileType = sourcecode.c.objc; path = Model.m; sourceTree = "<group>"; };
		04680D9C19FB8D41008C071D /* Server.h */ = {isa = PBXFileReference; fileEncoding = 4; lastKnownFileType = sourcecode.c.h; path = Server.h; sourceTree = "<group>"; };
		04680D9D19FB8D41008C071D /* Server.m */ = {isa = PBXFileReference; fileEncoding = 4; lastKnownFileType = sourcecode.c.objc; path = Server.m; sourceTree = "<group>"; };
		04680D9E19FB8D41008C071D /* ArtistsTableViewCell.m */ = {isa = PBXFileReference; fileEncoding = 4; lastKnownFileType = sourcecode.c.objc; path = ArtistsTableViewCell.m; sourceTree = "<group>"; };
		04680D9F19FB8D41008C071D /* Global.h */ = {isa = PBXFileReference; fileEncoding = 4; lastKnownFileType = sourcecode.c.h; path = Global.h; sourceTree = "<group>"; };
		04680DA019FB8D41008C071D /* Global.m */ = {isa = PBXFileReference; fileEncoding = 4; lastKnownFileType = sourcecode.c.objc; path = Global.m; sourceTree = "<group>"; };
		04680DA119FB8D41008C071D /* Response.h */ = {isa = PBXFileReference; fileEncoding = 4; lastKnownFileType = sourcecode.c.h; path = Response.h; sourceTree = "<group>"; };
		04680DA219FB8D41008C071D /* Response.m */ = {isa = PBXFileReference; fileEncoding = 4; lastKnownFileType = sourcecode.c.objc; path = Response.m; sourceTree = "<group>"; };
		04680DA319FB8D41008C071D /* ArtistsTableViewCell.h */ = {isa = PBXFileReference; fileEncoding = 4; lastKnownFileType = sourcecode.c.h; path = ArtistsTableViewCell.h; sourceTree = "<group>"; };
		04680DB319FBB506008C071D /* AlbumTableViewCell.h */ = {isa = PBXFileReference; fileEncoding = 4; lastKnownFileType = sourcecode.c.h; path = AlbumTableViewCell.h; sourceTree = "<group>"; };
		04680DB419FBB506008C071D /* AlbumTableViewCell.m */ = {isa = PBXFileReference; fileEncoding = 4; lastKnownFileType = sourcecode.c.objc; path = AlbumTableViewCell.m; sourceTree = "<group>"; };
		04680DB619FBB52D008C071D /* AlbumTableViewController.h */ = {isa = PBXFileReference; fileEncoding = 4; lastKnownFileType = sourcecode.c.h; path = AlbumTableViewController.h; sourceTree = "<group>"; };
		04680DB719FBB52D008C071D /* AlbumTableViewController.m */ = {isa = PBXFileReference; fileEncoding = 4; lastKnownFileType = sourcecode.c.objc; path = AlbumTableViewController.m; sourceTree = "<group>"; };
		04CB0BC419FCEDC600E5C302 /* FlagsPopoverViewController.h */ = {isa = PBXFileReference; fileEncoding = 4; lastKnownFileType = sourcecode.c.h; path = FlagsPopoverViewController.h; sourceTree = "<group>"; };
		04CB0BC519FCEDC600E5C302 /* FlagsPopoverViewController.m */ = {isa = PBXFileReference; fileEncoding = 4; lastKnownFileType = sourcecode.c.objc; path = FlagsPopoverViewController.m; sourceTree = "<group>"; };
/* End PBXFileReference section */

/* Begin PBXFrameworksBuildPhase section */
		04680D6819FB8C86008C071D /* Frameworks */ = {
			isa = PBXFrameworksBuildPhase;
			buildActionMask = 2147483647;
			files = (
			);
			runOnlyForDeploymentPostprocessing = 0;
		};
		04680D8119FB8C87008C071D /* Frameworks */ = {
			isa = PBXFrameworksBuildPhase;
			buildActionMask = 2147483647;
			files = (
			);
			runOnlyForDeploymentPostprocessing = 0;
		};
/* End PBXFrameworksBuildPhase section */

/* Begin PBXGroup section */
		04680D6219FB8C86008C071D = {
			isa = PBXGroup;
			children = (
				04680D6D19FB8C86008C071D /* Populars */,
				04680D8719FB8C87008C071D /* PopularsTests */,
				04680D6C19FB8C86008C071D /* Products */,
			);
			sourceTree = "<group>";
		};
		04680D6C19FB8C86008C071D /* Products */ = {
			isa = PBXGroup;
			children = (
				04680D6B19FB8C86008C071D /* Populars.app */,
				04680D8419FB8C87008C071D /* PopularsTests.xctest */,
			);
			name = Products;
			sourceTree = "<group>";
		};
		04680D6D19FB8C86008C071D /* Populars */ = {
			isa = PBXGroup;
			children = (
				04680DAE19FB8DE7008C071D /* Controllers */,
				04680DAC19FB8D4A008C071D /* Model */,
				04680DAF19FB8DF1008C071D /* Globals */,
				04680D7819FB8C86008C071D /* Main.storyboard */,
				04680D7B19FB8C86008C071D /* Images.xcassets */,
				04680D7D19FB8C86008C071D /* LaunchScreen.xib */,
				04680D6E19FB8C86008C071D /* Supporting Files */,
			);
			path = Populars;
			sourceTree = "<group>";
		};
		04680D6E19FB8C86008C071D /* Supporting Files */ = {
			isa = PBXGroup;
			children = (
				04680D6F19FB8C86008C071D /* Info.plist */,
				04680D7019FB8C86008C071D /* main.m */,
			);
			name = "Supporting Files";
			sourceTree = "<group>";
		};
		04680D8719FB8C87008C071D /* PopularsTests */ = {
			isa = PBXGroup;
			children = (
				04680D8A19FB8C87008C071D /* PopularsTests.m */,
				04680D8819FB8C87008C071D /* Supporting Files */,
			);
			path = PopularsTests;
			sourceTree = "<group>";
		};
		04680D8819FB8C87008C071D /* Supporting Files */ = {
			isa = PBXGroup;
			children = (
				04680D8919FB8C87008C071D /* Info.plist */,
			);
			name = "Supporting Files";
			sourceTree = "<group>";
		};
		04680DAC19FB8D4A008C071D /* Model */ = {
			isa = PBXGroup;
			children = (
				04680DAD19FB8D54008C071D /* Server */,
				04680D9A19FB8D41008C071D /* Model.h */,
				04680D9B19FB8D41008C071D /* Model.m */,
			);
			name = Model;
			sourceTree = "<group>";
		};
		04680DAD19FB8D54008C071D /* Server */ = {
			isa = PBXGroup;
			children = (
				04680D9C19FB8D41008C071D /* Server.h */,
				04680D9D19FB8D41008C071D /* Server.m */,
				04680DA119FB8D41008C071D /* Response.h */,
				04680DA219FB8D41008C071D /* Response.m */,
			);
			name = Server;
			sourceTree = "<group>";
		};
		04680DAE19FB8DE7008C071D /* Controllers */ = {
			isa = PBXGroup;
			children = (
				04680D7219FB8C86008C071D /* AppDelegate.h */,
				04680D7319FB8C86008C071D /* AppDelegate.m */,
				04680D9819FB8D41008C071D /* ArtistsTableViewController.h */,
				04680D9919FB8D41008C071D /* ArtistsTableViewController.m */,
				04680DA319FB8D41008C071D /* ArtistsTableViewCell.h */,
				04680D9E19FB8D41008C071D /* ArtistsTableViewCell.m */,
				04680D9619FB8D41008C071D /* AlbumsCollectionViewController.h */,
				04680D9719FB8D41008C071D /* AlbumsCollectionViewController.m */,
				04680D9419FB8D41008C071D /* AlbumsCollectionViewCell.h */,
				04680D9519FB8D41008C071D /* AlbumsCollectionViewCell.m */,
				04680DB619FBB52D008C071D /* AlbumTableViewController.h */,
				04680DB719FBB52D008C071D /* AlbumTableViewController.m */,
				04680DB319FBB506008C071D /* AlbumTableViewCell.h */,
				04680DB419FBB506008C071D /* AlbumTableViewCell.m */,
				04CB0BC419FCEDC600E5C302 /* FlagsPopoverViewController.h */,
				04CB0BC519FCEDC600E5C302 /* FlagsPopoverViewController.m */,
			);
			name = Controllers;
			sourceTree = "<group>";
		};
		04680DAF19FB8DF1008C071D /* Globals */ = {
			isa = PBXGroup;
			children = (
				04680D9F19FB8D41008C071D /* Global.h */,
				04680DA019FB8D41008C071D /* Global.m */,
			);
			name = Globals;
			sourceTree = "<group>";
		};
/* End PBXGroup section */

/* Begin PBXNativeTarget section */
		04680D6A19FB8C86008C071D /* Populars */ = {
			isa = PBXNativeTarget;
			buildConfigurationList = 04680D8E19FB8C87008C071D /* Build configuration list for PBXNativeTarget "Populars" */;
			buildPhases = (
				04680D6719FB8C86008C071D /* Sources */,
				04680D6819FB8C86008C071D /* Frameworks */,
				04680D6919FB8C86008C071D /* Resources */,
			);
			buildRules = (
			);
			dependencies = (
			);
			name = Populars;
			productName = Populars;
			productReference = 04680D6B19FB8C86008C071D /* Populars.app */;
			productType = "com.apple.product-type.application";
		};
		04680D8319FB8C87008C071D /* PopularsTests */ = {
			isa = PBXNativeTarget;
			buildConfigurationList = 04680D9119FB8C87008C071D /* Build configuration list for PBXNativeTarget "PopularsTests" */;
			buildPhases = (
				04680D8019FB8C87008C071D /* Sources */,
				04680D8119FB8C87008C071D /* Frameworks */,
				04680D8219FB8C87008C071D /* Resources */,
			);
			buildRules = (
			);
			dependencies = (
				04680D8619FB8C87008C071D /* PBXTargetDependency */,
			);
			name = PopularsTests;
			productName = PopularsTests;
			productReference = 04680D8419FB8C87008C071D /* PopularsTests.xctest */;
			productType = "com.apple.product-type.bundle.unit-test";
		};
/* End PBXNativeTarget section */

/* Begin PBXProject section */
		04680D6319FB8C86008C071D /* Project object */ = {
			isa = PBXProject;
			attributes = {
				LastUpgradeCheck = 0610;
				ORGANIZATIONNAME = "Avi Cohen";
				TargetAttributes = {
					04680D6A19FB8C86008C071D = {
						CreatedOnToolsVersion = 6.1;
					};
					04680D8319FB8C87008C071D = {
						CreatedOnToolsVersion = 6.1;
						TestTargetID = 04680D6A19FB8C86008C071D;
					};
				};
			};
			buildConfigurationList = 04680D6619FB8C86008C071D /* Build configuration list for PBXProject "Populars" */;
			compatibilityVersion = "Xcode 3.2";
			developmentRegion = English;
			hasScannedForEncodings = 0;
			knownRegions = (
				en,
				Base,
			);
			mainGroup = 04680D6219FB8C86008C071D;
			productRefGroup = 04680D6C19FB8C86008C071D /* Products */;
			projectDirPath = "";
			projectRoot = "";
			targets = (
				04680D6A19FB8C86008C071D /* Populars */,
				04680D8319FB8C87008C071D /* PopularsTests */,
			);
		};
/* End PBXProject section */

/* Begin PBXResourcesBuildPhase section */
		04680D6919FB8C86008C071D /* Resources */ = {
			isa = PBXResourcesBuildPhase;
			buildActionMask = 2147483647;
			files = (
				04680D7A19FB8C86008C071D /* Main.storyboard in Resources */,
				04680D7F19FB8C86008C071D /* LaunchScreen.xib in Resources */,
				04680D7C19FB8C86008C071D /* Images.xcassets in Resources */,
			);
			runOnlyForDeploymentPostprocessing = 0;
		};
		04680D8219FB8C87008C071D /* Resources */ = {
			isa = PBXResourcesBuildPhase;
			buildActionMask = 2147483647;
			files = (
			);
			runOnlyForDeploymentPostprocessing = 0;
		};
/* End PBXResourcesBuildPhase section */

/* Begin PBXSourcesBuildPhase section */
		04680D6719FB8C86008C071D /* Sources */ = {
			isa = PBXSourcesBuildPhase;
			buildActionMask = 2147483647;
			files = (
				04680DB519FBB506008C071D /* AlbumTableViewCell.m in Sources */,
				04680DA419FB8D41008C071D /* AlbumsCollectionViewCell.m in Sources */,
				04CB0BC619FCEDC600E5C302 /* FlagsPopoverViewController.m in Sources */,
				04680DAB19FB8D41008C071D /* Response.m in Sources */,
				04680DA519FB8D41008C071D /* AlbumsCollectionViewController.m in Sources */,
				04680DAA19FB8D41008C071D /* Global.m in Sources */,
				04680DB819FBB52D008C071D /* AlbumTableViewController.m in Sources */,
				04680DA819FB8D41008C071D /* Server.m in Sources */,
				04680D7419FB8C86008C071D /* AppDelegate.m in Sources */,
				04680DA719FB8D41008C071D /* Model.m in Sources */,
				04680DA619FB8D41008C071D /* ArtistsTableViewController.m in Sources */,
				04680DA919FB8D41008C071D /* ArtistsTableViewCell.m in Sources */,
				04680D7119FB8C86008C071D /* main.m in Sources */,
			);
			runOnlyForDeploymentPostprocessing = 0;
		};
		04680D8019FB8C87008C071D /* Sources */ = {
			isa = PBXSourcesBuildPhase;
			buildActionMask = 2147483647;
			files = (
				04680D8B19FB8C87008C071D /* PopularsTests.m in Sources */,
			);
			runOnlyForDeploymentPostprocessing = 0;
		};
/* End PBXSourcesBuildPhase section */

/* Begin PBXTargetDependency section */
		04680D8619FB8C87008C071D /* PBXTargetDependency */ = {
			isa = PBXTargetDependency;
			target = 04680D6A19FB8C86008C071D /* Populars */;
			targetProxy = 04680D8519FB8C87008C071D /* PBXContainerItemProxy */;
		};
/* End PBXTargetDependency section */

/* Begin PBXVariantGroup section */
		04680D7819FB8C86008C071D /* Main.storyboard */ = {
			isa = PBXVariantGroup;
			children = (
				04680D7919FB8C86008C071D /* Base */,
			);
			name = Main.storyboard;
			sourceTree = "<group>";
		};
		04680D7D19FB8C86008C071D /* LaunchScreen.xib */ = {
			isa = PBXVariantGroup;
			children = (
				04680D7E19FB8C86008C071D /* Base */,
			);
			name = LaunchScreen.xib;
			sourceTree = "<group>";
		};
/* End PBXVariantGroup section */

/* Begin XCBuildConfiguration section */
		04680D8C19FB8C87008C071D /* Debug */ = {
			isa = XCBuildConfiguration;
			buildSettings = {
				ALWAYS_SEARCH_USER_PATHS = NO;
				CLANG_CXX_LANGUAGE_STANDARD = "gnu++0x";
				CLANG_CXX_LIBRARY = "libc++";
				CLANG_ENABLE_MODULES = YES;
				CLANG_ENABLE_OBJC_ARC = YES;
				CLANG_WARN_BOOL_CONVERSION = YES;
				CLANG_WARN_CONSTANT_CONVERSION = YES;
				CLANG_WARN_DIRECT_OBJC_ISA_USAGE = YES_ERROR;
				CLANG_WARN_EMPTY_BODY = YES;
				CLANG_WARN_ENUM_CONVERSION = YES;
				CLANG_WARN_INT_CONVERSION = YES;
				CLANG_WARN_OBJC_ROOT_CLASS = YES_ERROR;
				CLANG_WARN_UNREACHABLE_CODE = YES;
				CLANG_WARN__DUPLICATE_METHOD_MATCH = YES;
				"CODE_SIGN_IDENTITY[sdk=iphoneos*]" = "iPhone Developer";
				COPY_PHASE_STRIP = NO;
				ENABLE_STRICT_OBJC_MSGSEND = YES;
				GCC_C_LANGUAGE_STANDARD = gnu99;
				GCC_DYNAMIC_NO_PIC = NO;
				GCC_OPTIMIZATION_LEVEL = 0;
				GCC_PREPROCESSOR_DEFINITIONS = (
					"DEBUG=1",
					"$(inherited)",
				);
				GCC_SYMBOLS_PRIVATE_EXTERN = NO;
				GCC_WARN_64_TO_32_BIT_CONVERSION = YES;
				GCC_WARN_ABOUT_RETURN_TYPE = YES_ERROR;
				GCC_WARN_UNDECLARED_SELECTOR = YES;
				GCC_WARN_UNINITIALIZED_AUTOS = YES_AGGRESSIVE;
				GCC_WARN_UNUSED_FUNCTION = YES;
				GCC_WARN_UNUSED_VARIABLE = YES;
				IPHONEOS_DEPLOYMENT_TARGET = 8.1;
				MTL_ENABLE_DEBUG_INFO = YES;
				ONLY_ACTIVE_ARCH = YES;
				SDKROOT = iphoneos;
				TARGETED_DEVICE_FAMILY = "1,2";
			};
			name = Debug;
		};
		04680D8D19FB8C87008C071D /* Release */ = {
			isa = XCBuildConfiguration;
			buildSettings = {
				ALWAYS_SEARCH_USER_PATHS = NO;
				CLANG_CXX_LANGUAGE_STANDARD = "gnu++0x";
				CLANG_CXX_LIBRARY = "libc++";
				CLANG_ENABLE_MODULES = YES;
				CLANG_ENABLE_OBJC_ARC = YES;
				CLANG_WARN_BOOL_CONVERSION = YES;
				CLANG_WARN_CONSTANT_CONVERSION = YES;
				CLANG_WARN_DIRECT_OBJC_ISA_USAGE = YES_ERROR;
				CLANG_WARN_EMPTY_BODY = YES;
				CLANG_WARN_ENUM_CONVERSION = YES;
				CLANG_WARN_INT_CONVERSION = YES;
				CLANG_WARN_OBJC_ROOT_CLASS = YES_ERROR;
				CLANG_WARN_UNREACHABLE_CODE = YES;
				CLANG_WARN__DUPLICATE_METHOD_MATCH = YES;
				"CODE_SIGN_IDENTITY[sdk=iphoneos*]" = "iPhone Developer";
				COPY_PHASE_STRIP = YES;
				ENABLE_NS_ASSERTIONS = NO;
				ENABLE_STRICT_OBJC_MSGSEND = YES;
				GCC_C_LANGUAGE_STANDARD = gnu99;
				GCC_WARN_64_TO_32_BIT_CONVERSION = YES;
				GCC_WARN_ABOUT_RETURN_TYPE = YES_ERROR;
				GCC_WARN_UNDECLARED_SELECTOR = YES;
				GCC_WARN_UNINITIALIZED_AUTOS = YES_AGGRESSIVE;
				GCC_WARN_UNUSED_FUNCTION = YES;
				GCC_WARN_UNUSED_VARIABLE = YES;
				IPHONEOS_DEPLOYMENT_TARGET = 8.1;
				MTL_ENABLE_DEBUG_INFO = NO;
				SDKROOT = iphoneos;
				TARGETED_DEVICE_FAMILY = "1,2";
				VALIDATE_PRODUCT = YES;
			};
			name = Release;
		};
		04680D8F19FB8C87008C071D /* Debug */ = {
			isa = XCBuildConfiguration;
			buildSettings = {
				ASSETCATALOG_COMPILER_APPICON_NAME = AppIcon;
				INFOPLIST_FILE = Populars/Info.plist;
				IPHONEOS_DEPLOYMENT_TARGET = 8.0;
				LD_RUNPATH_SEARCH_PATHS = "$(inherited) @executable_path/Frameworks";
				PRODUCT_NAME = "$(TARGET_NAME)";
			};
			name = Debug;
		};
		04680D9019FB8C87008C071D /* Release */ = {
			isa = XCBuildConfiguration;
			buildSettings = {
				ASSETCATALOG_COMPILER_APPICON_NAME = AppIcon;
				INFOPLIST_FILE = Populars/Info.plist;
				IPHONEOS_DEPLOYMENT_TARGET = 8.0;
				LD_RUNPATH_SEARCH_PATHS = "$(inherited) @executable_path/Frameworks";
				PRODUCT_NAME = "$(TARGET_NAME)";
			};
			name = Release;
		};
		04680D9219FB8C87008C071D /* Debug */ = {
			isa = XCBuildConfiguration;
			buildSettings = {
				BUNDLE_LOADER = "$(TEST_HOST)";
				FRAMEWORK_SEARCH_PATHS = (
					"$(SDKROOT)/Developer/Library/Frameworks",
					"$(inherited)",
				);
				GCC_PREPROCESSOR_DEFINITIONS = (
					"DEBUG=1",
					"$(inherited)",
				);
				INFOPLIST_FILE = PopularsTests/Info.plist;
				LD_RUNPATH_SEARCH_PATHS = "$(inherited) @executable_path/Frameworks @loader_path/Frameworks";
				PRODUCT_NAME = "$(TARGET_NAME)";
				TEST_HOST = "$(BUILT_PRODUCTS_DIR)/Populars.app/Populars";
			};
			name = Debug;
		};
		04680D9319FB8C87008C071D /* Release */ = {
			isa = XCBuildConfiguration;
			buildSettings = {
				BUNDLE_LOADER = "$(TEST_HOST)";
				FRAMEWORK_SEARCH_PATHS = (
					"$(SDKROOT)/Developer/Library/Frameworks",
					"$(inherited)",
				);
				INFOPLIST_FILE = PopularsTests/Info.plist;
				LD_RUNPATH_SEARCH_PATHS = "$(inherited) @executable_path/Frameworks @loader_path/Frameworks";
				PRODUCT_NAME = "$(TARGET_NAME)";
				TEST_HOST = "$(BUILT_PRODUCTS_DIR)/Populars.app/Populars";
			};
			name = Release;
		};
/* End XCBuildConfiguration section */

/* Begin XCConfigurationList section */
		04680D6619FB8C86008C071D /* Build configuration list for PBXProject "Populars" */ = {
			isa = XCConfigurationList;
			buildConfigurations = (
				04680D8C19FB8C87008C071D /* Debug */,
				04680D8D19FB8C87008C071D /* Release */,
			);
			defaultConfigurationIsVisible = 0;
			defaultConfigurationName = Release;
		};
		04680D8E19FB8C87008C071D /* Build configuration list for PBXNativeTarget "Populars" */ = {
			isa = XCConfigurationList;
			buildConfigurations = (
				04680D8F19FB8C87008C071D /* Debug */,
				04680D9019FB8C87008C071D /* Release */,
			);
			defaultConfigurationIsVisible = 0;
			defaultConfigurationName = Release;
		};
		04680D9119FB8C87008C071D /* Build configuration list for PBXNativeTarget "PopularsTests" */ = {
			isa = XCConfigurationList;
			buildConfigurations = (
				04680D9219FB8C87008C071D /* Debug */,
				04680D9319FB8C87008C071D /* Release */,
			);
			defaultConfigurationIsVisible = 0;
			defaultConfigurationName = Release;
		};
/* End XCConfigurationList section */
	};
	rootObject = 04680D6319FB8C86008C071D /* Project object */;
}
